
Microsoft Visual Studio Solution File, Format Version 12.00
# Visual Studio Version 17
VisualStudioVersion = 17.3.32825.248
MinimumVisualStudioVersion = 10.0.40219.1
Project("{FAE04EC0-301F-11D3-BF4B-00C04F79EFBC}") = "Mersus.ETicaret", "Mersus.ETicaret\Mersus.ETicaret.csproj", "{11381094-F158-4AA2-842D-FC403BC4DDFC}"
EndProject
Global
	GlobalSection(SolutionConfigurationPlatforms) = preSolution
		Debug|Any CPU = Debug|Any CPU
		Release|Any CPU = Release|Any CPU
	EndGlobalSection
	GlobalSection(ProjectConfigurationPlatforms) = postSolution
		{11381094-F158-4AA2-842D-FC403BC4DDFC}.Debug|Any CPU.ActiveCfg = Debug|Any CPU
		{11381094-F158-4AA2-842D-FC403BC4DDFC}.Debug|Any CPU.Build.0 = Debug|Any CPU
		{11381094-F158-4AA2-842D-FC403BC4DDFC}.Release|Any CPU.ActiveCfg = Release|Any CPU
		{11381094-F158-4AA2-842D-FC403BC4DDFC}.Release|Any CPU.Build.0 = Release|Any CPU
	EndGlobalSection
	GlobalSection(SolutionProperties) = preSolution
		HideSolutionNode = FALSE
	EndGlobalSection
	GlobalSection(ExtensibilityGlobals) = postSolution
		SolutionGuid = {36A9FFE0-5BC3-4B34-ACF2-3B9CECFB077D}
	EndGlobalSection
EndGlobal
